
Microsoft Visual Studio Solution File, Format Version 12.00
# Visual Studio Version 17
VisualStudioVersion = 17.0.31919.166
MinimumVisualStudioVersion = 10.0.40219.1
Project("{FAE04EC0-301F-11D3-BF4B-00C04F79EFBC}") = "EczaneTakip", "EczaneTakip\EczaneTakip.csproj", "{A765B6B9-BBCE-4B28-98E2-81BC3C9230FE}"
EndProject
Global
	GlobalSection(SolutionConfigurationPlatforms) = preSolution
		Debug|Any CPU = Debug|Any CPU
		Release|Any CPU = Release|Any CPU
	EndGlobalSection
	GlobalSection(ProjectConfigurationPlatforms) = postSolution
		{A765B6B9-BBCE-4B28-98E2-81BC3C9230FE}.Debug|Any CPU.ActiveCfg = Debug|Any CPU
		{A765B6B9-BBCE-4B28-98E2-81BC3C9230FE}.Debug|Any CPU.Build.0 = Debug|Any CPU
		{A765B6B9-BBCE-4B28-98E2-81BC3C9230FE}.Release|Any CPU.ActiveCfg = Release|Any CPU
		{A765B6B9-BBCE-4B28-98E2-81BC3C9230FE}.Release|Any CPU.Build.0 = Release|Any CPU
	EndGlobalSection
	GlobalSection(SolutionProperties) = preSolution
		HideSolutionNode = FALSE
	EndGlobalSection
	GlobalSection(ExtensibilityGlobals) = postSolution
		SolutionGuid = {211A4006-8B4A-481B-B170-53A014095A26}
	EndGlobalSection
EndGlobal
